
Microsoft Visual Studio Solution File, Format Version 12.00
# Visual Studio Version 17
VisualStudioVersion = 17.7.34024.191
MinimumVisualStudioVersion = 10.0.40219.1
Project("{FAE04EC0-301F-11D3-BF4B-00C04F79EFBC}") = "MyFirstProgram", "MyFirstProgram.csproj", "{881C5F7B-4067-4129-ABE7-9B79E53387BE}"
EndProject
Global
	GlobalSection(SolutionConfigurationPlatforms) = preSolution
		Debug|Any CPU = Debug|Any CPU
		Release|Any CPU = Release|Any CPU
	EndGlobalSection
	GlobalSection(ProjectConfigurationPlatforms) = postSolution
		{881C5F7B-4067-4129-ABE7-9B79E53387BE}.Debug|Any CPU.ActiveCfg = Debug|Any CPU
		{881C5F7B-4067-4129-ABE7-9B79E53387BE}.Debug|Any CPU.Build.0 = Debug|Any CPU
		{881C5F7B-4067-4129-ABE7-9B79E53387BE}.Release|Any CPU.ActiveCfg = Release|Any CPU
		{881C5F7B-4067-4129-ABE7-9B79E53387BE}.Release|Any CPU.Build.0 = Release|Any CPU
	EndGlobalSection
	GlobalSection(SolutionProperties) = preSolution
		HideSolutionNode = FALSE
	EndGlobalSection
	GlobalSection(ExtensibilityGlobals) = postSolution
		SolutionGuid = {6B85608D-8A3C-401A-AA76-F76459A4548F}
	EndGlobalSection
EndGlobal
